d7a14f337a9e8c67ac95023cddf58614a21d8aacd2eb1736da798843ccf0deba  lib/syscalls_macos.cyr
8a3e4378e75eefbf7e6d8d098449dbe909f9b9b80a2a72624adb250eb4335c09  lib/str.cyr
15cfae186336b82046c1786c71befa1050722fedab3d91824c35703aa4bb9b85  lib/alloc_agnos.cyr
ef04e8a97cb8519ba99fc80aaf8c49e7475f15eb1d924b900e6222ee34c5058f  lib/alloc_macos.cyr
27c9752b70e797b43d30204e5077749526144495ba7021b1272067f3236d81f9  lib/args_agnos.cyr
7b045871f231519e65f28a4b7abfbae6dd8e586ce03053fd367b3a119e8303c9  lib/atomic.cyr
ff14f0d7999956754937f612c0aa60719c138f0967a81019cf99e08aae088087  lib/string.cyr
0d1dc162866327cdea376c2177090cfdfc4779227c15d2da0d04fffc058e738d  lib/alloc.cyr
639aa6feb170319f983df4b39b827f29b26391b55de241c25e711f3880bce0a0  lib/flags.cyr
330d37f0cff16d1418178ccc3e42d089e81b67a5125faa8c8e8c29763f62eb3e  lib/syscalls_x86_64_linux.cyr
28f392fc59d07625b2edd62e56debf32ab127547ecd2b31600d4cab655f84c38  lib/syscalls_x86_64_agnos.cyr
150bb9efad587ae139d8df81d62c7578c8ab20d3c6964004908929657b597c12  lib/fmt.cyr
c9e220ca9bcb929cbc682e9b7eed7086b3b5a90474d562b600e137fde85eb7f0  lib/assert.cyr
619f0bce74b6b1ec0acf8ce3ed6839fe0a7c043bf16af6bae4e06f5e492af874  lib/args.cyr
861dedc4d9c07fcf1e431551e469890953a1b02e321354585742c1ed281a9fcf  lib/syscalls.cyr
0230ab283eee5e5da862775815ac68e0eaf97cbf684d960c0158856939c00a9c  lib/alloc_windows.cyr
f7b9d52f29de6d3d633962ccc765a76637091a7256eebc1da5547530eed2c44b  lib/args_win.cyr
641444a7dd9591070a657d7ea4a2efefe5166d7a328df1467b3d8f6e4d409baf  lib/syscalls_aarch64_linux.cyr
82ff313674a504d0d6d6e696ae1e0503148b066407c0c3344ee2098e54e504c4  lib/bench.cyr
19bcb006802c5d158ce1b9e0090a07da7e4d1092236f9850c61ebcbf294021c4  lib/vec.cyr
d83d92e02960f1db7c636a05a12aa3a78e2c62e5d5e5ad9a196c07d3dd76ff2a  lib/io.cyr
af30844628c715c51cad83addf05c9de4fb12d4b84f97801322448b2df1091b1  lib/fnptr.cyr
16937b59f0b038f9a4e2a42dcd1ddc7deeb13edb520e82466fb60ecfd92ae09b  lib/syscalls_windows.cyr
96e804b93e6a3abe62ba72fc5fbaeac7c28d56d701eb9515b670681d56ed75c1  lib/syscalls_linux_common.cyr
d64b87c0794e921dd8a5c199ff9777b7cccca5c109adcc6556b26487251db8ec  lib/args_macos.cyr
eefd403aa719d02ab208465d0c93740a40794c9fb3946292206102a8f8e53225  lib/taar.cyr
55ffe9a910b214a8dd6fcafce5ee1ba5c86ff8e4f7d79f9c32068019bd013c71  lib/result.cyr
